// !$*UTF8*$!
{
	archiveVersion = 1;
	classes = {
	};
	objectVersion = 55;
	objects = {

/* Begin PBXBuildFile section */
		A0C1FF15273FC8430008C259 /* RandomPhonebookSwiftUIApp.swift in Sources */ = {isa = PBXBuildFile; fileRef = A0C1FF14273FC8430008C259 /* RandomPhonebookSwiftUIApp.swift */; };
		A0C1FF17273FC8430008C259 /* ContentView.swift in Sources */ = {isa = PBXBuildFile; fileRef = A0C1FF16273FC8430008C259 /* ContentView.swift */; };
		A0C1FF19273FC8440008C259 /* Assets.xcassets in Resources */ = {isa = PBXBuildFile; fileRef = A0C1FF18273FC8440008C259 /* Assets.xcassets */; };
		A0C1FF1C273FC8440008C259 /* Preview Assets.xcassets in Resources */ = {isa = PBXBuildFile; fileRef = A0C1FF1B273FC8440008C259 /* Preview Assets.xcassets */; };
		A0C1FF23273FC88C0008C259 /* DataManager.swift in Sources */ = {isa = PBXBuildFile; fileRef = A0C1FF22273FC88C0008C259 /* DataManager.swift */; };
		A0C1FF25273FCA870008C259 /* Person.swift in Sources */ = {isa = PBXBuildFile; fileRef = A0C1FF24273FCA870008C259 /* Person.swift */; };
		A0C1FF29273FDB510008C259 /* DetailsView.swift in Sources */ = {isa = PBXBuildFile; fileRef = A0C1FF28273FDB510008C259 /* DetailsView.swift */; };
		A0C1FF2B273FDB6D0008C259 /* NumbersView.swift in Sources */ = {isa = PBXBuildFile; fileRef = A0C1FF2A273FDB6D0008C259 /* NumbersView.swift */; };
		A0C1FF2D273FF46E0008C259 /* ContactsView.swift in Sources */ = {isa = PBXBuildFile; fileRef = A0C1FF2C273FF46E0008C259 /* ContactsView.swift */; };
/* End PBXBuildFile section */

/* Begin PBXFileReference section */
		A0C1FF11273FC8430008C259 /* RandomPhonebookSwiftUI.app */ = {isa = PBXFileReference; explicitFileType = wrapper.application; includeInIndex = 0; path = RandomPhonebookSwiftUI.app; sourceTree = BUILT_PRODUCTS_DIR; };
		A0C1FF14273FC8430008C259 /* RandomPhonebookSwiftUIApp.swift */ = {isa = PBXFileReference; lastKnownFileType = sourcecode.swift; path = RandomPhonebookSwiftUIApp.swift; sourceTree = "<group>"; };
		A0C1FF16273FC8430008C259 /* ContentView.swift */ = {isa = PBXFileReference; lastKnownFileType = sourcecode.swift; path = ContentView.swift; sourceTree = "<group>"; };
		A0C1FF18273FC8440008C259 /* Assets.xcassets */ = {isa = PBXFileReference; lastKnownFileType = folder.assetcatalog; path = Assets.xcassets; sourceTree = "<group>"; };
		A0C1FF1B273FC8440008C259 /* Preview Assets.xcassets */ = {isa = PBXFileReference; lastKnownFileType = folder.assetcatalog; path = "Preview Assets.xcassets"; sourceTree = "<group>"; };
		A0C1FF22273FC88C0008C259 /* DataManager.swift */ = {isa = PBXFileReference; lastKnownFileType = sourcecode.swift; path = DataManager.swift; sourceTree = "<group>"; };
		A0C1FF24273FCA870008C259 /* Person.swift */ = {isa = PBXFileReference; lastKnownFileType = sourcecode.swift; path = Person.swift; sourceTree = "<group>"; };
		A0C1FF28273FDB510008C259 /* DetailsView.swift */ = {isa = PBXFileReference; lastKnownFileType = sourcecode.swift; path = DetailsView.swift; sourceTree = "<group>"; };
		A0C1FF2A273FDB6D0008C259 /* NumbersView.swift */ = {isa = PBXFileReference; lastKnownFileType = sourcecode.swift; path = NumbersView.swift; sourceTree = "<group>"; };
		A0C1FF2C273FF46E0008C259 /* ContactsView.swift */ = {isa = PBXFileReference; lastKnownFileType = sourcecode.swift; path = ContactsView.swift; sourceTree = "<group>"; };
/* End PBXFileReference section */

/* Begin PBXFrameworksBuildPhase section */
		A0C1FF0E273FC8430008C259 /* Frameworks */ = {
			isa = PBXFrameworksBuildPhase;
			buildActionMask = 2147483647;
			files = (
			);
			runOnlyForDeploymentPostprocessing = 0;
		};
/* End PBXFrameworksBuildPhase section */

/* Begin PBXGroup section */
		A0C1FF08273FC8430008C259 = {
			isa = PBXGroup;
			children = (
				A0C1FF13273FC8430008C259 /* RandomPhonebookSwiftUI */,
				A0C1FF12273FC8430008C259 /* Products */,
			);
			sourceTree = "<group>";
		};
		A0C1FF12273FC8430008C259 /* Products */ = {
			isa = PBXGroup;
			children = (
				A0C1FF11273FC8430008C259 /* RandomPhonebookSwiftUI.app */,
			);
			name = Products;
			sourceTree = "<group>";
		};
		A0C1FF13273FC8430008C259 /* RandomPhonebookSwiftUI */ = {
			isa = PBXGroup;
			children = (
				A0C1FF14273FC8430008C259 /* RandomPhonebookSwiftUIApp.swift */,
				A0C1FF16273FC8430008C259 /* ContentView.swift */,
				A0C1FF2C273FF46E0008C259 /* ContactsView.swift */,
				A0C1FF28273FDB510008C259 /* DetailsView.swift */,
				A0C1FF2A273FDB6D0008C259 /* NumbersView.swift */,
				A0C1FF22273FC88C0008C259 /* DataManager.swift */,
				A0C1FF24273FCA870008C259 /* Person.swift */,
				A0C1FF18273FC8440008C259 /* Assets.xcassets */,
				A0C1FF1A273FC8440008C259 /* Preview Content */,
			);
			path = RandomPhonebookSwiftUI;
			sourceTree = "<group>";
		};
		A0C1FF1A273FC8440008C259 /* Preview Content */ = {
			isa = PBXGroup;
			children = (
				A0C1FF1B273FC8440008C259 /* Preview Assets.xcassets */,
			);
			path = "Preview Content";
			sourceTree = "<group>";
		};
/* End PBXGroup section */

/* Begin PBXNativeTarget section */
		A0C1FF10273FC8430008C259 /* RandomPhonebookSwiftUI */ = {
			isa = PBXNativeTarget;
			buildConfigurationList = A0C1FF1F273FC8440008C259 /* Build configuration list for PBXNativeTarget "RandomPhonebookSwiftUI" */;
			buildPhases = (
				A0C1FF0D273FC8430008C259 /* Sources */,
				A0C1FF0E273FC8430008C259 /* Frameworks */,
				A0C1FF0F273FC8430008C259 /* Resources */,
			);
			buildRules = (
			);
			dependencies = (
			);
			name = RandomPhonebookSwiftUI;
			productName = RandomPhonebookSwiftUI;
			productReference = A0C1FF11273FC8430008C259 /* RandomPhonebookSwiftUI.app */;
			productType = "com.apple.product-type.application";
		};
/* End PBXNativeTarget section */

/* Begin PBXProject section */
		A0C1FF09273FC8430008C259 /* Project object */ = {
			isa = PBXProject;
			attributes = {
				BuildIndependentTargetsInParallel = 1;
				LastSwiftUpdateCheck = 1310;
				LastUpgradeCheck = 1310;
				TargetAttributes = {
					A0C1FF10273FC8430008C259 = {
						CreatedOnToolsVersion = 13.1;
					};
				};
			};
			buildConfigurationList = A0C1FF0C273FC8430008C259 /* Build configuration list for PBXProject "RandomPhonebookSwiftUI" */;
			compatibilityVersion = "Xcode 13.0";
			developmentRegion = en;
			hasScannedForEncodings = 0;
			knownRegions = (
				en,
				Base,
			);
			mainGroup = A0C1FF08273FC8430008C259;
			productRefGroup = A0C1FF12273FC8430008C259 /* Products */;
			projectDirPath = "";
			projectRoot = "";
			targets = (
				A0C1FF10273FC8430008C259 /* RandomPhonebookSwiftUI */,
			);
		};
/* End PBXProject section */

/* Begin PBXResourcesBuildPhase section */
		A0C1FF0F273FC8430008C259 /* Resources */ = {
			isa = PBXResourcesBuildPhase;
			buildActionMask = 2147483647;
			files = (
				A0C1FF1C273FC8440008C259 /* Preview Assets.xcassets in Resources */,
				A0C1FF19273FC8440008C259 /* Assets.xcassets in Resources */,
			);
			runOnlyForDeploymentPostprocessing = 0;
		};
/* End PBXResourcesBuildPhase section */

/* Begin PBXSourcesBuildPhase section */
		A0C1FF0D273FC8430008C259 /* Sources */ = {
			isa = PBXSourcesBuildPhase;
			buildActionMask = 2147483647;
			files = (
				A0C1FF17273FC8430008C259 /* ContentView.swift in Sources */,
				A0C1FF23273FC88C0008C259 /* DataManager.swift in Sources */,
				A0C1FF25273FCA870008C259 /* Person.swift in Sources */,
				A0C1FF2B273FDB6D0008C259 /* NumbersView.swift in Sources */,
				A0C1FF15273FC8430008C259 /* RandomPhonebookSwiftUIApp.swift in Sources */,
				A0C1FF29273FDB510008C259 /* DetailsView.swift in Sources */,
				A0C1FF2D273FF46E0008C259 /* ContactsView.swift in Sources */,
			);
			runOnlyForDeploymentPostprocessing = 0;
		};
/* End PBXSourcesBuildPhase section */

/* Begin XCBuildConfiguration section */
		A0C1FF1D273FC8440008C259 /* Debug */ = {
			isa = XCBuildConfiguration;
			buildSettings = {
				ALWAYS_SEARCH_USER_PATHS = NO;
				CLANG_ANALYZER_NONNULL = YES;
				CLANG_ANALYZER_NUMBER_OBJECT_CONVERSION = YES_AGGRESSIVE;
				CLANG_CXX_LANGUAGE_STANDARD = "gnu++17";
				CLANG_CXX_LIBRARY = "libc++";
				CLANG_ENABLE_MODULES = YES;
				CLANG_ENABLE_OBJC_ARC = YES;
				CLANG_ENABLE_OBJC_WEAK = YES;
				CLANG_WARN_BLOCK_CAPTURE_AUTORELEASING = YES;
				CLANG_WARN_BOOL_CONVERSION = YES;
				CLANG_WARN_COMMA = YES;
				CLANG_WARN_CONSTANT_CONVERSION = YES;
				CLANG_WARN_DEPRECATED_OBJC_IMPLEMENTATIONS = YES;
				CLANG_WARN_DIRECT_OBJC_ISA_USAGE = YES_ERROR;
				CLANG_WARN_DOCUMENTATION_COMMENTS = YES;
				CLANG_WARN_EMPTY_BODY = YES;
				CLANG_WARN_ENUM_CONVERSION = YES;
				CLANG_WARN_INFINITE_RECURSION = YES;
				CLANG_WARN_INT_CONVERSION = YES;
				CLANG_WARN_NON_LITERAL_NULL_CONVERSION = YES;
				CLANG_WARN_OBJC_IMPLICIT_RETAIN_SELF = YES;
				CLANG_WARN_OBJC_LITERAL_CONVERSION = YES;
				CLANG_WARN_OBJC_ROOT_CLASS = YES_ERROR;
				CLANG_WARN_QUOTED_INCLUDE_IN_FRAMEWORK_HEADER = YES;
				CLANG_WARN_RANGE_LOOP_ANALYSIS = YES;
				CLANG_WARN_STRICT_PROTOTYPES = YES;
				CLANG_WARN_SUSPICIOUS_MOVE = YES;
				CLANG_WARN_UNGUARDED_AVAILABILITY = YES_AGGRESSIVE;
				CLANG_WARN_UNREACHABLE_CODE = YES;
				CLANG_WARN__DUPLICATE_METHOD_MATCH = YES;
				COPY_PHASE_STRIP = NO;
				DEBUG_INFORMATION_FORMAT = dwarf;
				ENABLE_STRICT_OBJC_MSGSEND = YES;
				ENABLE_TESTABILITY = YES;
				GCC_C_LANGUAGE_STANDARD = gnu11;
				GCC_DYNAMIC_NO_PIC = NO;
				GCC_NO_COMMON_BLOCKS = YES;
				GCC_OPTIMIZATION_LEVEL = 0;
				GCC_PREPROCESSOR_DEFINITIONS = (
					"DEBUG=1",
					"$(inherited)",
				);
				GCC_WARN_64_TO_32_BIT_CONVERSION = YES;
				GCC_WARN_ABOUT_RETURN_TYPE = YES_ERROR;
				GCC_WARN_UNDECLARED_SELECTOR = YES;
				GCC_WARN_UNINITIALIZED_AUTOS = YES_AGGRESSIVE;
				GCC_WARN_UNUSED_FUNCTION = YES;
				GCC_WARN_UNUSED_VARIABLE = YES;
				IPHONEOS_DEPLOYMENT_TARGET = 15.0;
				MTL_ENABLE_DEBUG_INFO = INCLUDE_SOURCE;
				MTL_FAST_MATH = YES;
				ONLY_ACTIVE_ARCH = YES;
				SDKROOT = iphoneos;
				SWIFT_ACTIVE_COMPILATION_CONDITIONS = DEBUG;
				SWIFT_OPTIMIZATION_LEVEL = "-Onone";
			};
			name = Debug;
		};
		A0C1FF1E273FC8440008C259 /* Release */ = {
			isa = XCBuildConfiguration;
			buildSettings = {
				ALWAYS_SEARCH_USER_PATHS = NO;
				CLANG_ANALYZER_NONNULL = YES;
				CLANG_ANALYZER_NUMBER_OBJECT_CONVERSION = YES_AGGRESSIVE;
				CLANG_CXX_LANGUAGE_STANDARD = "gnu++17";
				CLANG_CXX_LIBRARY = "libc++";
				CLANG_ENABLE_MODULES = YES;
				CLANG_ENABLE_OBJC_ARC = YES;
				CLANG_ENABLE_OBJC_WEAK = YES;
				CLANG_WARN_BLOCK_CAPTURE_AUTORELEASING = YES;
				CLANG_WARN_BOOL_CONVERSION = YES;
				CLANG_WARN_COMMA = YES;
				CLANG_WARN_CONSTANT_CONVERSION = YES;
				CLANG_WARN_DEPRECATED_OBJC_IMPLEMENTATIONS = YES;
				CLANG_WARN_DIRECT_OBJC_ISA_USAGE = YES_ERROR;
				CLANG_WARN_DOCUMENTATION_COMMENTS = YES;
				CLANG_WARN_EMPTY_BODY = YES;
				CLANG_WARN_ENUM_CONVERSION = YES;
				CLANG_WARN_INFINITE_RECURSION = YES;
				CLANG_WARN_INT_CONVERSION = YES;
				CLANG_WARN_NON_LITERAL_NULL_CONVERSION = YES;
				CLANG_WARN_OBJC_IMPLICIT_RETAIN_SELF = YES;
				CLANG_WARN_OBJC_LITERAL_CONVERSION = YES;
				CLANG_WARN_OBJC_ROOT_CLASS = YES_ERROR;
				CLANG_WARN_QUOTED_INCLUDE_IN_FRAMEWORK_HEADER = YES;
				CLANG_WARN_RANGE_LOOP_ANALYSIS = YES;
				CLANG_WARN_STRICT_PROTOTYPES = YES;
				CLANG_WARN_SUSPICIOUS_MOVE = YES;
				CLANG_WARN_UNGUARDED_AVAILABILITY = YES_AGGRESSIVE;
				CLANG_WARN_UNREACHABLE_CODE = YES;
				CLANG_WARN__DUPLICATE_METHOD_MATCH = YES;
				COPY_PHASE_STRIP = NO;
				DEBUG_INFORMATION_FORMAT = "dwarf-with-dsym";
				ENABLE_NS_ASSERTIONS = NO;
				ENABLE_STRICT_OBJC_MSGSEND = YES;
				GCC_C_LANGUAGE_STANDARD = gnu11;
				GCC_NO_COMMON_BLOCKS = YES;
				GCC_WARN_64_TO_32_BIT_CONVERSION = YES;
				GCC_WARN_ABOUT_RETURN_TYPE = YES_ERROR;
				GCC_WARN_UNDECLARED_SELECTOR = YES;
				GCC_WARN_UNINITIALIZED_AUTOS = YES_AGGRESSIVE;
				GCC_WARN_UNUSED_FUNCTION = YES;
				GCC_WARN_UNUSED_VARIABLE = YES;
				IPHONEOS_DEPLOYMENT_TARGET = 15.0;
				MTL_ENABLE_DEBUG_INFO = NO;
				MTL_FAST_MATH = YES;
				SDKROOT = iphoneos;
				SWIFT_COMPILATION_MODE = wholemodule;
				SWIFT_OPTIMIZATION_LEVEL = "-O";
				VALIDATE_PRODUCT = YES;
			};
			name = Release;
		};
		A0C1FF20273FC8440008C259 /* Debug */ = {
			isa = XCBuildConfiguration;
			buildSettings = {
				ASSETCATALOG_COMPILER_APPICON_NAME = AppIcon;
				ASSETCATALOG_COMPILER_GLOBAL_ACCENT_COLOR_NAME = AccentColor;
				CODE_SIGN_STYLE = Automatic;
				CURRENT_PROJECT_VERSION = 1;
				DEVELOPMENT_ASSET_PATHS = "\"RandomPhonebookSwiftUI/Preview Content\"";
				ENABLE_PREVIEWS = YES;
				GENERATE_INFOPLIST_FILE = YES;
				INFOPLIST_KEY_UIApplicationSceneManifest_Generation = YES;
				INFOPLIST_KEY_UIApplicationSupportsIndirectInputEvents = YES;
				INFOPLIST_KEY_UILaunchScreen_Generation = YES;
				INFOPLIST_KEY_UISupportedInterfaceOrientations_iPad = "UIInterfaceOrientationPortrait UIInterfaceOrientationPortraitUpsideDown UIInterfaceOrientationLandscapeLeft UIInterfaceOrientationLandscapeRight";
				INFOPLIST_KEY_UISupportedInterfaceOrientations_iPhone = "UIInterfaceOrientationPortrait UIInterfaceOrientationLandscapeLeft UIInterfaceOrientationLandscapeRight";
				LD_RUNPATH_SEARCH_PATHS = (
					"$(inherited)",
					"@executable_path/Frameworks",
				);
				MARKETING_VERSION = 1.0;
				PRODUCT_BUNDLE_IDENTIFIER = "Vahtee-Boo.RandomPhonebookSwiftUI";
				PRODUCT_NAME = "$(TARGET_NAME)";
				SWIFT_EMIT_LOC_STRINGS = YES;
				SWIFT_VERSION = 5.0;
				TARGETED_DEVICE_FAMILY = "1,2";
			};
			name = Debug;
		};
		A0C1FF21273FC8440008C259 /* Release */ = {
			isa = XCBuildConfiguration;
			buildSettings = {
				ASSETCATALOG_COMPILER_APPICON_NAME = AppIcon;
				ASSETCATALOG_COMPILER_GLOBAL_ACCENT_COLOR_NAME = AccentColor;
				CODE_SIGN_STYLE = Automatic;
				CURRENT_PROJECT_VERSION = 1;
				DEVELOPMENT_ASSET_PATHS = "\"RandomPhonebookSwiftUI/Preview Content\"";
				ENABLE_PREVIEWS = YES;
				GENERATE_INFOPLIST_FILE = YES;
				INFOPLIST_KEY_UIApplicationSceneManifest_Generation = YES;
				INFOPLIST_KEY_UIApplicationSupportsIndirectInputEvents = YES;
				INFOPLIST_KEY_UILaunchScreen_Generation = YES;
				INFOPLIST_KEY_UISupportedInterfaceOrientations_iPad = "UIInterfaceOrientationPortrait UIInterfaceOrientationPortraitUpsideDown UIInterfaceOrientationLandscapeLeft UIInterfaceOrientationLandscapeRight";
				INFOPLIST_KEY_UISupportedInterfaceOrientations_iPhone = "UIInterfaceOrientationPortrait UIInterfaceOrientationLandscapeLeft UIInterfaceOrientationLandscapeRight";
				LD_RUNPATH_SEARCH_PATHS = (
					"$(inherited)",
					"@executable_path/Frameworks",
				);
				MARKETING_VERSION = 1.0;
				PRODUCT_BUNDLE_IDENTIFIER = "Vahtee-Boo.RandomPhonebookSwiftUI";
				PRODUCT_NAME = "$(TARGET_NAME)";
				SWIFT_EMIT_LOC_STRINGS = YES;
				SWIFT_VERSION = 5.0;
				TARGETED_DEVICE_FAMILY = "1,2";
			};
			name = Release;
		};
/* End XCBuildConfiguration section */

/* Begin XCConfigurationList section */
		A0C1FF0C273FC8430008C259 /* Build configuration list for PBXProject "RandomPhonebookSwiftUI" */ = {
			isa = XCConfigurationList;
			buildConfigurations = (
				A0C1FF1D273FC8440008C259 /* Debug */,
				A0C1FF1E273FC8440008C259 /* Release */,
			);
			defaultConfigurationIsVisible = 0;
			defaultConfigurationName = Release;
		};
		A0C1FF1F273FC8440008C259 /* Build configuration list for PBXNativeTarget "RandomPhonebookSwiftUI" */ = {
			isa = XCConfigurationList;
			buildConfigurations = (
				A0C1FF20273FC8440008C259 /* Debug */,
				A0C1FF21273FC8440008C259 /* Release */,
			);
			defaultConfigurationIsVisible = 0;
			defaultConfigurationName = Release;
		};
/* End XCConfigurationList section */
	};
	rootObject = A0C1FF09273FC8430008C259 /* Project object */;
}
